Microsoft Visual Studio Solution File, Format Version 12.00
# Visual Studio Version 17
VisualStudioVersion = 17.14.37012.4
MinimumVisualStudioVersion = 10.0.40219.1
Project("{FAE04EC0-301F-11D3-BF4B-00C04F79EFBC}") = "AgentFox", "Agent\AgentFox.csproj", "{BDC49E80-C5E9-F870-9E5F-F4A8B9900BB1}"
EndProject
Project("{FAE04EC0-301F-11D3-BF4B-00C04F79EFBC}") = "LocalEmbeddings", "LocalEmbeddings\LocalEmbeddings.csproj", "{6704236A-9038-4AD2-83C6-0564801AB20B}"
EndProject
Project("{2150E333-8FDC-42A3-9474-1A3956D46DE8}") = "tests", "tests", "{02EA681E-C7D8-13C7-8484-4AC65E1B71E8}"
EndProject
Project("{FAE04EC0-301F-11D3-BF4B-00C04F79EFBC}") = "LocalEmbeddings.Test", "..\tests\LocalEmbeddings.Test\LocalEmbeddings.Test.csproj", "{4970C96D-099F-4501-B596-05DF32730BC1}"
EndProject
Project("{FAE04EC0-301F-11D3-BF4B-00C04F79EFBC}") = "AgentFox.Plugins", "AgentFox.Plugins\AgentFox.Plugins.csproj", "{48149EE8-0F3D-4A44-A2F8-304E7AC47A9D}"
EndProject
Project("{2150E333-8FDC-42A3-9474-1A3956D46DE8}") = "SolutionItems", "SolutionItems", "{A5B00FED-1A79-4916-869C-CF0C723297AC}"
	ProjectSection(SolutionItems) = preProject
		Readme.md = Readme.md
	EndProjectSection
EndProject
Project("{2150E333-8FDC-42A3-9474-1A3956D46DE8}") = "Plugins", "Plugins", "{430AC596-E6CC-40F2-A662-4A43BC4A22E3}"
EndProject
Project("{FAE04EC0-301F-11D3-BF4B-00C04F79EFBC}") = "PageAgent", "Plugins\PageAgent\PageAgent.csproj", "{EFB0ECF1-42B3-46E0-B443-B885D38A1896}"
EndProject
Global
	GlobalSection(SolutionConfigurationPlatforms) = preSolution
		Debug|Any CPU = Debug|Any CPU
		Release|Any CPU = Release|Any CPU
	EndGlobalSection
	GlobalSection(ProjectConfigurationPlatforms) = postSolution
		{BDC49E80-C5E9-F870-9E5F-F4A8B9900BB1}.Debug|Any CPU.ActiveCfg = Debug|Any CPU
		{BDC49E80-C5E9-F870-9E5F-F4A8B9900BB1}.Debug|Any CPU.Build.0 = Debug|Any CPU
		{BDC49E80-C5E9-F870-9E5F-F4A8B9900BB1}.Release|Any CPU.ActiveCfg = Release|Any CPU
		{BDC49E80-C5E9-F870-9E5F-F4A8B9900BB1}.Release|Any CPU.Build.0 = Release|Any CPU
		{6704236A-9038-4AD2-83C6-0564801AB20B}.Debug|Any CPU.ActiveCfg = Debug|Any CPU
		{6704236A-9038-4AD2-83C6-0564801AB20B}.Debug|Any CPU.Build.0 = Debug|Any CPU
		{6704236A-9038-4AD2-83C6-0564801AB20B}.Release|Any CPU.ActiveCfg = Release|Any CPU
		{6704236A-9038-4AD2-83C6-0564801AB20B}.Release|Any CPU.Build.0 = Release|Any CPU
		{4970C96D-099F-4501-B596-05DF32730BC1}.Debug|Any CPU.ActiveCfg = Debug|Any CPU
		{4970C96D-099F-4501-B596-05DF32730BC1}.Debug|Any CPU.Build.0 = Debug|Any CPU
		{4970C96D-099F-4501-B596-05DF32730BC1}.Release|Any CPU.ActiveCfg = Release|Any CPU
		{4970C96D-099F-4501-B596-05DF32730BC1}.Release|Any CPU.Build.0 = Release|Any CPU
		{48149EE8-0F3D-4A44-A2F8-304E7AC47A9D}.Debug|Any CPU.ActiveCfg = Debug|Any CPU
		{48149EE8-0F3D-4A44-A2F8-304E7AC47A9D}.Debug|Any CPU.Build.0 = Debug|Any CPU
		{48149EE8-0F3D-4A44-A2F8-304E7AC47A9D}.Release|Any CPU.ActiveCfg = Release|Any CPU
		{48149EE8-0F3D-4A44-A2F8-304E7AC47A9D}.Release|Any CPU.Build.0 = Release|Any CPU
		{EFB0ECF1-42B3-46E0-B443-B885D38A1896}.Debug|Any CPU.ActiveCfg = Debug|Any CPU
		{EFB0ECF1-42B3-46E0-B443-B885D38A1896}.Debug|Any CPU.Build.0 = Debug|Any CPU
		{EFB0ECF1-42B3-46E0-B443-B885D38A1896}.Release|Any CPU.ActiveCfg = Release|Any CPU
		{EFB0ECF1-42B3-46E0-B443-B885D38A1896}.Release|Any CPU.Build.0 = Release|Any CPU
	EndGlobalSection
	GlobalSection(SolutionProperties) = preSolution
		HideSolutionNode = FALSE
	EndGlobalSection
	GlobalSection(NestedProjects) = preSolution
		{4970C96D-099F-4501-B596-05DF32730BC1} = {02EA681E-C7D8-13C7-8484-4AC65E1B71E8}
		{EFB0ECF1-42B3-46E0-B443-B885D38A1896} = {430AC596-E6CC-40F2-A662-4A43BC4A22E3}
	EndGlobalSection
	GlobalSection(ExtensibilityGlobals) = postSolution
		SolutionGuid = {EA5EF7EC-D5C8-4E10-9E19-AE1D086CD520}
	EndGlobalSection
EndGlobal
